
Microsoft Visual Studio Solution File, Format Version 12.00
# Visual Studio 15
VisualStudioVersion = 15.0.26730.16
MinimumVisualStudioVersion = 10.0.40219.1
Project("{F2A71F9B-5D33-465A-A702-920D77279786}") = "FoxLib", "FoxLib\FoxLib.fsproj", "{9F70A1E9-5B82-4324-BECF-F5E346581860}"
EndProject
Project("{F2A71F9B-5D33-465A-A702-920D77279786}") = "TestFoxLib", "TestFoxLib\TestFoxLib.fsproj", "{27F8B91F-126B-42B0-9B1C-4895F5470D87}"
EndProject
Global
	GlobalSection(SolutionConfigurationPlatforms) = preSolution
		Debug|Any CPU = Debug|Any CPU
		Release|Any CPU = Release|Any CPU
	EndGlobalSection
	GlobalSection(ProjectConfigurationPlatforms) = postSolution
		{9F70A1E9-5B82-4324-BECF-F5E346581860}.Debug|Any CPU.ActiveCfg = Debug|Any CPU
		{9F70A1E9-5B82-4324-BECF-F5E346581860}.Debug|Any CPU.Build.0 = Debug|Any CPU
		{9F70A1E9-5B82-4324-BECF-F5E346581860}.Release|Any CPU.ActiveCfg = Release|Any CPU
		{9F70A1E9-5B82-4324-BECF-F5E346581860}.Release|Any CPU.Build.0 = Release|Any CPU
		{27F8B91F-126B-42B0-9B1C-4895F5470D87}.Debug|Any CPU.ActiveCfg = Debug|Any CPU
		{27F8B91F-126B-42B0-9B1C-4895F5470D87}.Debug|Any CPU.Build.0 = Debug|Any CPU
		{27F8B91F-126B-42B0-9B1C-4895F5470D87}.Release|Any CPU.ActiveCfg = Release|Any CPU
		{27F8B91F-126B-42B0-9B1C-4895F5470D87}.Release|Any CPU.Build.0 = Release|Any CPU
	EndGlobalSection
	GlobalSection(SolutionProperties) = preSolution
		HideSolutionNode = FALSE
	EndGlobalSection
	GlobalSection(ExtensibilityGlobals) = postSolution
		SolutionGuid = {8743E69F-3C48-408B-889A-DFE9628BFB67}
	EndGlobalSection
EndGlobal
